
Microsoft Visual Studio Solution File, Format Version 12.00
# Visual Studio 15
VisualStudioVersion = 15.0.28307.1300
MinimumVisualStudioVersion = 10.0.40219.1
Project("{FAE04EC0-301F-11D3-BF4B-00C04F79EFBC}") = "ClinicalTrialsDB", "ClinicalTrialsDB\ClinicalTrialsDB.csproj", "{3ED91169-2E6C-4B18-89B8-8B250EDD27E2}"
EndProject
Project("{9A19103F-16F7-4668-BE54-9A1E7A4F7556}") = "ClinicalTrialsWebApp", "ClinicalTrialsWebApp\ClinicalTrialsWebApp.csproj", "{CDC4D7F0-FFCB-4AEC-A103-53BFA4FA6612}"
EndProject
Project("{FAE04EC0-301F-11D3-BF4B-00C04F79EFBC}") = "Model", "Model\Model.csproj", "{2661DC90-4C0A-43CD-BC5B-4C0FB68BF09B}"
EndProject
Project("{FAE04EC0-301F-11D3-BF4B-00C04F79EFBC}") = "CsvExporter", "CsvExporter\CsvExporter.csproj", "{960D5B09-B3A6-4487-B2C0-075E8317BF78}"
EndProject
Global
	GlobalSection(SolutionConfigurationPlatforms) = preSolution
		Debug|Any CPU = Debug|Any CPU
		Release|Any CPU = Release|Any CPU
	EndGlobalSection
	GlobalSection(ProjectConfigurationPlatforms) = postSolution
		{3ED91169-2E6C-4B18-89B8-8B250EDD27E2}.Debug|Any CPU.ActiveCfg = Debug|Any CPU
		{3ED91169-2E6C-4B18-89B8-8B250EDD27E2}.Debug|Any CPU.Build.0 = Debug|Any CPU
		{3ED91169-2E6C-4B18-89B8-8B250EDD27E2}.Release|Any CPU.ActiveCfg = Release|Any CPU
		{3ED91169-2E6C-4B18-89B8-8B250EDD27E2}.Release|Any CPU.Build.0 = Release|Any CPU
		{CDC4D7F0-FFCB-4AEC-A103-53BFA4FA6612}.Debug|Any CPU.ActiveCfg = Debug|Any CPU
		{CDC4D7F0-FFCB-4AEC-A103-53BFA4FA6612}.Debug|Any CPU.Build.0 = Debug|Any CPU
		{CDC4D7F0-FFCB-4AEC-A103-53BFA4FA6612}.Release|Any CPU.ActiveCfg = Release|Any CPU
		{CDC4D7F0-FFCB-4AEC-A103-53BFA4FA6612}.Release|Any CPU.Build.0 = Release|Any CPU
		{2661DC90-4C0A-43CD-BC5B-4C0FB68BF09B}.Debug|Any CPU.ActiveCfg = Debug|Any CPU
		{2661DC90-4C0A-43CD-BC5B-4C0FB68BF09B}.Debug|Any CPU.Build.0 = Debug|Any CPU
		{2661DC90-4C0A-43CD-BC5B-4C0FB68BF09B}.Release|Any CPU.ActiveCfg = Release|Any CPU
		{2661DC90-4C0A-43CD-BC5B-4C0FB68BF09B}.Release|Any CPU.Build.0 = Release|Any CPU
		{960D5B09-B3A6-4487-B2C0-075E8317BF78}.Debug|Any CPU.ActiveCfg = Debug|Any CPU
		{960D5B09-B3A6-4487-B2C0-075E8317BF78}.Debug|Any CPU.Build.0 = Debug|Any CPU
		{960D5B09-B3A6-4487-B2C0-075E8317BF78}.Release|Any CPU.ActiveCfg = Release|Any CPU
		{960D5B09-B3A6-4487-B2C0-075E8317BF78}.Release|Any CPU.Build.0 = Release|Any CPU
	EndGlobalSection
	GlobalSection(SolutionProperties) = preSolution
		HideSolutionNode = FALSE
	EndGlobalSection
	GlobalSection(ExtensibilityGlobals) = postSolution
		SolutionGuid = {A4BB15CA-2DDA-4B33-844A-E4753393706E}
	EndGlobalSection
EndGlobal
